// !$*UTF8*$!
{
	archiveVersion = 1;
	classes = {
	};
	objectVersion = 50;
	objects = {

/* Begin PBXBuildFile section */
		7884DC8C21E660ED00CCA67E /* AppDelegate.swift in Sources */ = {isa = PBXBuildFile; fileRef = 7884DC8B21E660ED00CCA67E /* AppDelegate.swift */; };
		7884DC8E21E660ED00CCA67E /* TodoListViewController.swift in Sources */ = {isa = PBXBuildFile; fileRef = 7884DC8D21E660ED00CCA67E /* TodoListViewController.swift */; };
		7884DC9121E660ED00CCA67E /* Main.storyboard in Resources */ = {isa = PBXBuildFile; fileRef = 7884DC8F21E660ED00CCA67E /* Main.storyboard */; };
		7884DC9321E660EF00CCA67E /* Assets.xcassets in Resources */ = {isa = PBXBuildFile; fileRef = 7884DC9221E660EF00CCA67E /* Assets.xcassets */; };
		7884DC9621E660EF00CCA67E /* LaunchScreen.storyboard in Resources */ = {isa = PBXBuildFile; fileRef = 7884DC9421E660EF00CCA67E /* LaunchScreen.storyboard */; };
		78D92F2821E9451C001E6BCD /* ItemClass.swift in Sources */ = {isa = PBXBuildFile; fileRef = 78D92F2721E9451C001E6BCD /* ItemClass.swift */; };
		78D92F5221EAD33D001E6BCD /* DataModel.xcdatamodeld in Sources */ = {isa = PBXBuildFile; fileRef = 78D92F5021EAD33D001E6BCD /* DataModel.xcdatamodeld */; };
		78D92F5421EC048D001E6BCD /* CategoryViewController.swift in Sources */ = {isa = PBXBuildFile; fileRef = 78D92F5321EC048D001E6BCD /* CategoryViewController.swift */; };
		B128EF81A5C5743E3797EED4 /* Pods_TodoList.framework in Frameworks */ = {isa = PBXBuildFile; fileRef = B3908A64AF98A5C9ACDFFE8A /* Pods_TodoList.framework */; };
/* End PBXBuildFile section */

/* Begin PBXFileReference section */
		6EFD08C896A4D7724DDE6CFB /* Pods-TodoList.release.xcconfig */ = {isa = PBXFileReference; includeInIndex = 1; lastKnownFileType = text.xcconfig; name = "Pods-TodoList.release.xcconfig"; path = "Pods/Target Support Files/Pods-TodoList/Pods-TodoList.release.xcconfig"; sourceTree = "<group>"; };
		7884DC8821E660ED00CCA67E /* TodoList.app */ = {isa = PBXFileReference; explicitFileType = wrapper.application; includeInIndex = 0; path = TodoList.app; sourceTree = BUILT_PRODUCTS_DIR; };
		7884DC8B21E660ED00CCA67E /* AppDelegate.swift */ = {isa = PBXFileReference; lastKnownFileType = sourcecode.swift; path = AppDelegate.swift; sourceTree = "<group>"; };
		7884DC8D21E660ED00CCA67E /* TodoListViewController.swift */ = {isa = PBXFileReference; lastKnownFileType = sourcecode.swift; path = TodoListViewController.swift; sourceTree = "<group>"; };
		7884DC9021E660ED00CCA67E /* Base */ = {isa = PBXFileReference; lastKnownFileType = file.storyboard; name = Base; path = Base.lproj/Main.storyboard; sourceTree = "<group>"; };
		7884DC9221E660EF00CCA67E /* Assets.xcassets */ = {isa = PBXFileReference; lastKnownFileType = folder.assetcatalog; path = Assets.xcassets; sourceTree = "<group>"; };
		7884DC9521E660EF00CCA67E /* Base */ = {isa = PBXFileReference; lastKnownFileType = file.storyboard; name = Base; path = Base.lproj/LaunchScreen.storyboard; sourceTree = "<group>"; };
		7884DC9721E660EF00CCA67E /* Info.plist */ = {isa = PBXFileReference; lastKnownFileType = text.plist.xml; path = Info.plist; sourceTree = "<group>"; };
		78D92F2721E9451C001E6BCD /* ItemClass.swift */ = {isa = PBXFileReference; lastKnownFileType = sourcecode.swift; path = ItemClass.swift; sourceTree = "<group>"; };
		78D92F5121EAD33D001E6BCD /* DataModel.xcdatamodel */ = {isa = PBXFileReference; lastKnownFileType = wrapper.xcdatamodel; path = DataModel.xcdatamodel; sourceTree = "<group>"; };
		78D92F5321EC048D001E6BCD /* CategoryViewController.swift */ = {isa = PBXFileReference; lastKnownFileType = sourcecode.swift; path = CategoryViewController.swift; sourceTree = "<group>"; };
		B3908A64AF98A5C9ACDFFE8A /* Pods_TodoList.framework */ = {isa = PBXFileReference; explicitFileType = wrapper.framework; includeInIndex = 0; path = Pods_TodoList.framework; sourceTree = BUILT_PRODUCTS_DIR; };
		B62CCD4A177CD210C481BE34 /* Pods-TodoList.debug.xcconfig */ = {isa = PBXFileReference; includeInIndex = 1; lastKnownFileType = text.xcconfig; name = "Pods-TodoList.debug.xcconfig"; path = "Pods/Target Support Files/Pods-TodoList/Pods-TodoList.debug.xcconfig"; sourceTree = "<group>"; };
/* End PBXFileReference section */

/* Begin PBXFrameworksBuildPhase section */
		7884DC8521E660ED00CCA67E /* Frameworks */ = {
			isa = PBXFrameworksBuildPhase;
			buildActionMask = 2147483647;
			files = (
				B128EF81A5C5743E3797EED4 /* Pods_TodoList.framework in Frameworks */,
			);
			runOnlyForDeploymentPostprocessing = 0;
		};
/* End PBXFrameworksBuildPhase section */

/* Begin PBXGroup section */
		43A1BBF3B2E1887304511552 /* Frameworks */ = {
			isa = PBXGroup;
			children = (
				B3908A64AF98A5C9ACDFFE8A /* Pods_TodoList.framework */,
			);
			name = Frameworks;
			sourceTree = "<group>";
		};
		7884DC7F21E660ED00CCA67E = {
			isa = PBXGroup;
			children = (
				7884DC8A21E660ED00CCA67E /* TodoList */,
				7884DC8921E660ED00CCA67E /* Products */,
				FC46AE4CF69645181CD76CEA /* Pods */,
				43A1BBF3B2E1887304511552 /* Frameworks */,
			);
			sourceTree = "<group>";
		};
		7884DC8921E660ED00CCA67E /* Products */ = {
			isa = PBXGroup;
			children = (
				7884DC8821E660ED00CCA67E /* TodoList.app */,
			);
			name = Products;
			sourceTree = "<group>";
		};
		7884DC8A21E660ED00CCA67E /* TodoList */ = {
			isa = PBXGroup;
			children = (
				78D92F2A21E945D0001E6BCD /* Controller */,
				78D92F2921E945BE001E6BCD /* Model */,
				78D92F2B21E945EB001E6BCD /* View */,
				7884DC9221E660EF00CCA67E /* Assets.xcassets */,
				7884DC9721E660EF00CCA67E /* Info.plist */,
			);
			path = TodoList;
			sourceTree = "<group>";
		};
		78D92F2921E945BE001E6BCD /* Model */ = {
			isa = PBXGroup;
			children = (
				78D92F5021EAD33D001E6BCD /* DataModel.xcdatamodeld */,
				78D92F2721E9451C001E6BCD /* ItemClass.swift */,
			);
			path = Model;
			sourceTree = "<group>";
		};
		78D92F2A21E945D0001E6BCD /* Controller */ = {
			isa = PBXGroup;
			children = (
				7884DC8B21E660ED00CCA67E /* AppDelegate.swift */,
				78D92F5321EC048D001E6BCD /* CategoryViewController.swift */,
				7884DC8D21E660ED00CCA67E /* TodoListViewController.swift */,
			);
			path = Controller;
			sourceTree = "<group>";
		};
		78D92F2B21E945EB001E6BCD /* View */ = {
			isa = PBXGroup;
			children = (
				7884DC9421E660EF00CCA67E /* LaunchScreen.storyboard */,
				7884DC8F21E660ED00CCA67E /* Main.storyboard */,
			);
			path = View;
			sourceTree = "<group>";
		};
		FC46AE4CF69645181CD76CEA /* Pods */ = {
			isa = PBXGroup;
			children = (
				B62CCD4A177CD210C481BE34 /* Pods-TodoList.debug.xcconfig */,
				6EFD08C896A4D7724DDE6CFB /* Pods-TodoList.release.xcconfig */,
			);
			name = Pods;
			sourceTree = "<group>";
		};
/* End PBXGroup section */

/* Begin PBXNativeTarget section */
		7884DC8721E660ED00CCA67E /* TodoList */ = {
			isa = PBXNativeTarget;
			buildConfigurationList = 7884DC9A21E660EF00CCA67E /* Build configuration list for PBXNativeTarget "TodoList" */;
			buildPhases = (
				8F6E9389069A3597CD68274B /* [CP] Check Pods Manifest.lock */,
				7884DC8421E660ED00CCA67E /* Sources */,
				7884DC8521E660ED00CCA67E /* Frameworks */,
				7884DC8621E660ED00CCA67E /* Resources */,
				15A7204D6D07DC4AF5C93C67 /* [CP] Embed Pods Frameworks */,
			);
			buildRules = (
			);
			dependencies = (
			);
			name = TodoList;
			productName = TodoList;
			productReference = 7884DC8821E660ED00CCA67E /* TodoList.app */;
			productType = "com.apple.product-type.application";
		};
/* End PBXNativeTarget section */

/* Begin PBXProject section */
		7884DC8021E660ED00CCA67E /* Project object */ = {
			isa = PBXProject;
			attributes = {
				LastSwiftUpdateCheck = 1010;
				LastUpgradeCheck = 1010;
				ORGANIZATIONNAME = Shenshin;
				TargetAttributes = {
					7884DC8721E660ED00CCA67E = {
						CreatedOnToolsVersion = 10.1;
					};
				};
			};
			buildConfigurationList = 7884DC8321E660ED00CCA67E /* Build configuration list for PBXProject "TodoList" */;
			compatibilityVersion = "Xcode 9.3";
			developmentRegion = en;
			hasScannedForEncodings = 0;
			knownRegions = (
				en,
				Base,
			);
			mainGroup = 7884DC7F21E660ED00CCA67E;
			productRefGroup = 7884DC8921E660ED00CCA67E /* Products */;
			projectDirPath = "";
			projectRoot = "";
			targets = (
				7884DC8721E660ED00CCA67E /* TodoList */,
			);
		};
/* End PBXProject section */

/* Begin PBXResourcesBuildPhase section */
		7884DC8621E660ED00CCA67E /* Resources */ = {
			isa = PBXResourcesBuildPhase;
			buildActionMask = 2147483647;
			files = (
				7884DC9621E660EF00CCA67E /* LaunchScreen.storyboard in Resources */,
				7884DC9321E660EF00CCA67E /* Assets.xcassets in Resources */,
				7884DC9121E660ED00CCA67E /* Main.storyboard in Resources */,
			);
			runOnlyForDeploymentPostprocessing = 0;
		};
/* End PBXResourcesBuildPhase section */

/* Begin PBXShellScriptBuildPhase section */
		15A7204D6D07DC4AF5C93C67 /* [CP] Embed Pods Frameworks */ = {
			isa = PBXShellScriptBuildPhase;
			buildActionMask = 2147483647;
			files = (
			);
			inputFileListPaths = (
			);
			inputPaths = (
				"${SRCROOT}/Pods/Target Support Files/Pods-TodoList/Pods-TodoList-frameworks.sh",
				"${BUILT_PRODUCTS_DIR}/Realm/Realm.framework",
				"${BUILT_PRODUCTS_DIR}/RealmSwift/RealmSwift.framework",
			);
			name = "[CP] Embed Pods Frameworks";
			outputFileListPaths = (
			);
			outputPaths = (
				"${TARGET_BUILD_DIR}/${FRAMEWORKS_FOLDER_PATH}/Realm.framework",
				"${TARGET_BUILD_DIR}/${FRAMEWORKS_FOLDER_PATH}/RealmSwift.framework",
			);
			runOnlyForDeploymentPostprocessing = 0;
			shellPath = /bin/sh;
			shellScript = "\"${SRCROOT}/Pods/Target Support Files/Pods-TodoList/Pods-TodoList-frameworks.sh\"\n";
			showEnvVarsInLog = 0;
		};
		8F6E9389069A3597CD68274B /* [CP] Check Pods Manifest.lock */ = {
			isa = PBXShellScriptBuildPhase;
			buildActionMask = 2147483647;
			files = (
			);
			inputFileListPaths = (
			);
			inputPaths = (
				"${PODS_PODFILE_DIR_PATH}/Podfile.lock",
				"${PODS_ROOT}/Manifest.lock",
			);
			name = "[CP] Check Pods Manifest.lock";
			outputFileListPaths = (
			);
			outputPaths = (
				"$(DERIVED_FILE_DIR)/Pods-TodoList-checkManifestLockResult.txt",
			);
			runOnlyForDeploymentPostprocessing = 0;
			shellPath = /bin/sh;
			shellScript = "diff \"${PODS_PODFILE_DIR_PATH}/Podfile.lock\" \"${PODS_ROOT}/Manifest.lock\" > /dev/null\nif [ $? != 0 ] ; then\n    # print error to STDERR\n    echo \"error: The sandbox is not in sync with the Podfile.lock. Run 'pod install' or update your CocoaPods installation.\" >&2\n    exit 1\nfi\n# This output is used by Xcode 'outputs' to avoid re-running this script phase.\necho \"SUCCESS\" > \"${SCRIPT_OUTPUT_FILE_0}\"\n";
			showEnvVarsInLog = 0;
		};
/* End PBXShellScriptBuildPhase section */

/* Begin PBXSourcesBuildPhase section */
		7884DC8421E660ED00CCA67E /* Sources */ = {
			isa = PBXSourcesBuildPhase;
			buildActionMask = 2147483647;
			files = (
				78D92F5421EC048D001E6BCD /* CategoryViewController.swift in Sources */,
				7884DC8E21E660ED00CCA67E /* TodoListViewController.swift in Sources */,
				78D92F5221EAD33D001E6BCD /* DataModel.xcdatamodeld in Sources */,
				78D92F2821E9451C001E6BCD /* ItemClass.swift in Sources */,
				7884DC8C21E660ED00CCA67E /* AppDelegate.swift in Sources */,
			);
			runOnlyForDeploymentPostprocessing = 0;
		};
/* End PBXSourcesBuildPhase section */

/* Begin PBXVariantGroup section */
		7884DC8F21E660ED00CCA67E /* Main.storyboard */ = {
			isa = PBXVariantGroup;
			children = (
				7884DC9021E660ED00CCA67E /* Base */,
			);
			name = Main.storyboard;
			sourceTree = "<group>";
		};
		7884DC9421E660EF00CCA67E /* LaunchScreen.storyboard */ = {
			isa = PBXVariantGroup;
			children = (
				7884DC9521E660EF00CCA67E /* Base */,
			);
			name = LaunchScreen.storyboard;
			sourceTree = "<group>";
		};
/* End PBXVariantGroup section */

/* Begin XCBuildConfiguration section */
		7884DC9821E660EF00CCA67E /* Debug */ = {
			isa = XCBuildConfiguration;
			buildSettings = {
				ALWAYS_SEARCH_USER_PATHS = NO;
				CLANG_ANALYZER_NONNULL = YES;
				CLANG_ANALYZER_NUMBER_OBJECT_CONVERSION = YES_AGGRESSIVE;
				CLANG_CXX_LANGUAGE_STANDARD = "gnu++14";
				CLANG_CXX_LIBRARY = "libc++";
				CLANG_ENABLE_MODULES = YES;
				CLANG_ENABLE_OBJC_ARC = YES;
				CLANG_ENABLE_OBJC_WEAK = YES;
				CLANG_WARN_BLOCK_CAPTURE_AUTORELEASING = YES;
				CLANG_WARN_BOOL_CONVERSION = YES;
				CLANG_WARN_COMMA = YES;
				CLANG_WARN_CONSTANT_CONVERSION = YES;
				CLANG_WARN_DEPRECATED_OBJC_IMPLEMENTATIONS = YES;
				CLANG_WARN_DIRECT_OBJC_ISA_USAGE = YES_ERROR;
				CLANG_WARN_DOCUMENTATION_COMMENTS = YES;
				CLANG_WARN_EMPTY_BODY = YES;
				CLANG_WARN_ENUM_CONVERSION = YES;
				CLANG_WARN_INFINITE_RECURSION = YES;
				CLANG_WARN_INT_CONVERSION = YES;
				CLANG_WARN_NON_LITERAL_NULL_CONVERSION = YES;
				CLANG_WARN_OBJC_IMPLICIT_RETAIN_SELF = YES;
				CLANG_WARN_OBJC_LITERAL_CONVERSION = YES;
				CLANG_WARN_OBJC_ROOT_CLASS = YES_ERROR;
				CLANG_WARN_RANGE_LOOP_ANALYSIS = YES;
				CLANG_WARN_STRICT_PROTOTYPES = YES;
				CLANG_WARN_SUSPICIOUS_MOVE = YES;
				CLANG_WARN_UNGUARDED_AVAILABILITY = YES_AGGRESSIVE;
				CLANG_WARN_UNREACHABLE_CODE = YES;
				CLANG_WARN__DUPLICATE_METHOD_MATCH = YES;
				CODE_SIGN_IDENTITY = "iPhone Developer";
				COPY_PHASE_STRIP = NO;
				DEBUG_INFORMATION_FORMAT = dwarf;
				ENABLE_STRICT_OBJC_MSGSEND = YES;
				ENABLE_TESTABILITY = YES;
				GCC_C_LANGUAGE_STANDARD = gnu11;
				GCC_DYNAMIC_NO_PIC = NO;
				GCC_NO_COMMON_BLOCKS = YES;
				GCC_OPTIMIZATION_LEVEL = 0;
				GCC_PREPROCESSOR_DEFINITIONS = (
					"DEBUG=1",
					"$(inherited)",
				);
				GCC_WARN_64_TO_32_BIT_CONVERSION = YES;
				GCC_WARN_ABOUT_RETURN_TYPE = YES_ERROR;
				GCC_WARN_UNDECLARED_SELECTOR = YES;
				GCC_WARN_UNINITIALIZED_AUTOS = YES_AGGRESSIVE;
				GCC_WARN_UNUSED_FUNCTION = YES;
				GCC_WARN_UNUSED_VARIABLE = YES;
				IPHONEOS_DEPLOYMENT_TARGET = 12.1;
				MTL_ENABLE_DEBUG_INFO = INCLUDE_SOURCE;
				MTL_FAST_MATH = YES;
				ONLY_ACTIVE_ARCH = YES;
				SDKROOT = iphoneos;
				SWIFT_ACTIVE_COMPILATION_CONDITIONS = DEBUG;
				SWIFT_OPTIMIZATION_LEVEL = "-Onone";
			};
			name = Debug;
		};
		7884DC9921E660EF00CCA67E /* Release */ = {
			isa = XCBuildConfiguration;
			buildSettings = {
				ALWAYS_SEARCH_USER_PATHS = NO;
				CLANG_ANALYZER_NONNULL = YES;
				CLANG_ANALYZER_NUMBER_OBJECT_CONVERSION = YES_AGGRESSIVE;
				CLANG_CXX_LANGUAGE_STANDARD = "gnu++14";
				CLANG_CXX_LIBRARY = "libc++";
				CLANG_ENABLE_MODULES = YES;
				CLANG_ENABLE_OBJC_ARC = YES;
				CLANG_ENABLE_OBJC_WEAK = YES;
				CLANG_WARN_BLOCK_CAPTURE_AUTORELEASING = YES;
				CLANG_WARN_BOOL_CONVERSION = YES;
				CLANG_WARN_COMMA = YES;
				CLANG_WARN_CONSTANT_CONVERSION = YES;
				CLANG_WARN_DEPRECATED_OBJC_IMPLEMENTATIONS = YES;
				CLANG_WARN_DIRECT_OBJC_ISA_USAGE = YES_ERROR;
				CLANG_WARN_DOCUMENTATION_COMMENTS = YES;
				CLANG_WARN_EMPTY_BODY = YES;
				CLANG_WARN_ENUM_CONVERSION = YES;
				CLANG_WARN_INFINITE_RECURSION = YES;
				CLANG_WARN_INT_CONVERSION = YES;
				CLANG_WARN_NON_LITERAL_NULL_CONVERSION = YES;
				CLANG_WARN_OBJC_IMPLICIT_RETAIN_SELF = YES;
				CLANG_WARN_OBJC_LITERAL_CONVERSION = YES;
				CLANG_WARN_OBJC_ROOT_CLASS = YES_ERROR;
				CLANG_WARN_RANGE_LOOP_ANALYSIS = YES;
				CLANG_WARN_STRICT_PROTOTYPES = YES;
				CLANG_WARN_SUSPICIOUS_MOVE = YES;
				CLANG_WARN_UNGUARDED_AVAILABILITY = YES_AGGRESSIVE;
				CLANG_WARN_UNREACHABLE_CODE = YES;
				CLANG_WARN__DUPLICATE_METHOD_MATCH = YES;
				CODE_SIGN_IDENTITY = "iPhone Developer";
				COPY_PHASE_STRIP = NO;
				DEBUG_INFORMATION_FORMAT = "dwarf-with-dsym";
				ENABLE_NS_ASSERTIONS = NO;
				ENABLE_STRICT_OBJC_MSGSEND = YES;
				GCC_C_LANGUAGE_STANDARD = gnu11;
				GCC_NO_COMMON_BLOCKS = YES;
				GCC_WARN_64_TO_32_BIT_CONVERSION = YES;
				GCC_WARN_ABOUT_RETURN_TYPE = YES_ERROR;
				GCC_WARN_UNDECLARED_SELECTOR = YES;
				GCC_WARN_UNINITIALIZED_AUTOS = YES_AGGRESSIVE;
				GCC_WARN_UNUSED_FUNCTION = YES;
				GCC_WARN_UNUSED_VARIABLE = YES;
				IPHONEOS_DEPLOYMENT_TARGET = 12.1;
				MTL_ENABLE_DEBUG_INFO = NO;
				MTL_FAST_MATH = YES;
				SDKROOT = iphoneos;
				SWIFT_COMPILATION_MODE = wholemodule;
				SWIFT_OPTIMIZATION_LEVEL = "-O";
				VALIDATE_PRODUCT = YES;
			};
			name = Release;
		};
		7884DC9B21E660EF00CCA67E /* Debug */ = {
			isa = XCBuildConfiguration;
			baseConfigurationReference = B62CCD4A177CD210C481BE34 /* Pods-TodoList.debug.xcconfig */;
			buildSettings = {
				ASSETCATALOG_COMPILER_APPICON_NAME = AppIcon;
				CODE_SIGN_STYLE = Automatic;
				DEVELOPMENT_TEAM = ZSCD3BWGW9;
				INFOPLIST_FILE = TodoList/Info.plist;
				LD_RUNPATH_SEARCH_PATHS = (
					"$(inherited)",
					"@executable_path/Frameworks",
				);
				PRODUCT_BUNDLE_IDENTIFIER = com.shenshin.TodoList;
				PRODUCT_NAME = "$(TARGET_NAME)";
				SWIFT_VERSION = 4.2;
				TARGETED_DEVICE_FAMILY = "1,2";
			};
			name = Debug;
		};
		7884DC9C21E660EF00CCA67E /* Release */ = {
			isa = XCBuildConfiguration;
			baseConfigurationReference = 6EFD08C896A4D7724DDE6CFB /* Pods-TodoList.release.xcconfig */;
			buildSettings = {
				ASSETCATALOG_COMPILER_APPICON_NAME = AppIcon;
				CODE_SIGN_STYLE = Automatic;
				DEVELOPMENT_TEAM = ZSCD3BWGW9;
				INFOPLIST_FILE = TodoList/Info.plist;
				LD_RUNPATH_SEARCH_PATHS = (
					"$(inherited)",
					"@executable_path/Frameworks",
				);
				PRODUCT_BUNDLE_IDENTIFIER = com.shenshin.TodoList;
				PRODUCT_NAME = "$(TARGET_NAME)";
				SWIFT_VERSION = 4.2;
				TARGETED_DEVICE_FAMILY = "1,2";
			};
			name = Release;
		};
/* End XCBuildConfiguration section */

/* Begin XCConfigurationList section */
		7884DC8321E660ED00CCA67E /* Build configuration list for PBXProject "TodoList" */ = {
			isa = XCConfigurationList;
			buildConfigurations = (
				7884DC9821E660EF00CCA67E /* Debug */,
				7884DC9921E660EF00CCA67E /* Release */,
			);
			defaultConfigurationIsVisible = 0;
			defaultConfigurationName = Release;
		};
		7884DC9A21E660EF00CCA67E /* Build configuration list for PBXNativeTarget "TodoList" */ = {
			isa = XCConfigurationList;
			buildConfigurations = (
				7884DC9B21E660EF00CCA67E /* Debug */,
				7884DC9C21E660EF00CCA67E /* Release */,
			);
			defaultConfigurationIsVisible = 0;
			defaultConfigurationName = Release;
		};
/* End XCConfigurationList section */

/* Begin XCVersionGroup section */
		78D92F5021EAD33D001E6BCD /* DataModel.xcdatamodeld */ = {
			isa = XCVersionGroup;
			children = (
				78D92F5121EAD33D001E6BCD /* DataModel.xcdatamodel */,
			);
			currentVersion = 78D92F5121EAD33D001E6BCD /* DataModel.xcdatamodel */;
			path = DataModel.xcdatamodeld;
			sourceTree = "<group>";
			versionGroupType = wrapper.xcdatamodel;
		};
/* End XCVersionGroup section */
	};
	rootObject = 7884DC8021E660ED00CCA67E /* Project object */;
}
